
Microsoft Visual Studio Solution File, Format Version 12.00
# Visual Studio Version 17
VisualStudioVersion = 17.7.34221.43
MinimumVisualStudioVersion = 10.0.40219.1
Project("{FAE04EC0-301F-11D3-BF4B-00C04F79EFBC}") = "PrivacyChecker", "PrivacyChecker\PrivacyChecker.csproj", "{8FB90670-EF9E-48B2-BDF3-4C710B8E3854}"
EndProject
Global
	GlobalSection(SolutionConfigurationPlatforms) = preSolution
		Debug|Any CPU = Debug|Any CPU
		Release|Any CPU = Release|Any CPU
	EndGlobalSection
	GlobalSection(ProjectConfigurationPlatforms) = postSolution
		{8FB90670-EF9E-48B2-BDF3-4C710B8E3854}.Debug|Any CPU.ActiveCfg = Debug|Any CPU
		{8FB90670-EF9E-48B2-BDF3-4C710B8E3854}.Debug|Any CPU.Build.0 = Debug|Any CPU
		{8FB90670-EF9E-48B2-BDF3-4C710B8E3854}.Release|Any CPU.ActiveCfg = Release|Any CPU
		{8FB90670-EF9E-48B2-BDF3-4C710B8E3854}.Release|Any CPU.Build.0 = Release|Any CPU
	EndGlobalSection
	GlobalSection(SolutionProperties) = preSolution
		HideSolutionNode = FALSE
	EndGlobalSection
	GlobalSection(ExtensibilityGlobals) = postSolution
		SolutionGuid = {66585C1B-25B8-4434-99C4-1352896B8279}
	EndGlobalSection
EndGlobal
